
Microsoft Visual Studio Solution File, Format Version 12.00
Project("{FAE04EC0-301F-11D3-BF4B-00C04F79EFBC}") = "BeatClub.API", "BeatClub.API\BeatClub.API.csproj", "{4C9EDA1F-F34A-4921-8D13-9506B5BFA2CF}"
EndProject
Project("{FAE04EC0-301F-11D3-BF4B-00C04F79EFBC}") = "BeatClub.API.Tests", "BeatClub.API.Tests\BeatClub.API.Tests.csproj", "{7A57F7AC-E6AF-4E94-9204-D385096BCD91}"
EndProject
Global
	GlobalSection(SolutionConfigurationPlatforms) = preSolution
		Debug|Any CPU = Debug|Any CPU
		Release|Any CPU = Release|Any CPU
	EndGlobalSection
	GlobalSection(ProjectConfigurationPlatforms) = postSolution
		{4C9EDA1F-F34A-4921-8D13-9506B5BFA2CF}.Debug|Any CPU.ActiveCfg = Debug|Any CPU
		{4C9EDA1F-F34A-4921-8D13-9506B5BFA2CF}.Debug|Any CPU.Build.0 = Debug|Any CPU
		{4C9EDA1F-F34A-4921-8D13-9506B5BFA2CF}.Release|Any CPU.ActiveCfg = Release|Any CPU
		{4C9EDA1F-F34A-4921-8D13-9506B5BFA2CF}.Release|Any CPU.Build.0 = Release|Any CPU
		{7A57F7AC-E6AF-4E94-9204-D385096BCD91}.Debug|Any CPU.ActiveCfg = Debug|Any CPU
		{7A57F7AC-E6AF-4E94-9204-D385096BCD91}.Debug|Any CPU.Build.0 = Debug|Any CPU
		{7A57F7AC-E6AF-4E94-9204-D385096BCD91}.Release|Any CPU.ActiveCfg = Release|Any CPU
		{7A57F7AC-E6AF-4E94-9204-D385096BCD91}.Release|Any CPU.Build.0 = Release|Any CPU
	EndGlobalSection
EndGlobal
